
Microsoft Visual Studio Solution File, Format Version 12.00
# Visual Studio Version 17
VisualStudioVersion = 17.0.32112.339
MinimumVisualStudioVersion = 10.0.40219.1
Project("{FAE04EC0-301F-11D3-BF4B-00C04F79EFBC}") = "Thermal_Monitor", "Thermal_Monitor\Thermal_Monitor.csproj", "{E846DE4D-6E3A-4170-8C1E-1B8B82C9A9F5}"
EndProject
Global
	GlobalSection(SolutionConfigurationPlatforms) = preSolution
		Debug|Any CPU = Debug|Any CPU
		Release|Any CPU = Release|Any CPU
	EndGlobalSection
	GlobalSection(ProjectConfigurationPlatforms) = postSolution
		{E846DE4D-6E3A-4170-8C1E-1B8B82C9A9F5}.Debug|Any CPU.ActiveCfg = Debug|Any CPU
		{E846DE4D-6E3A-4170-8C1E-1B8B82C9A9F5}.Debug|Any CPU.Build.0 = Debug|Any CPU
		{E846DE4D-6E3A-4170-8C1E-1B8B82C9A9F5}.Release|Any CPU.ActiveCfg = Release|Any CPU
		{E846DE4D-6E3A-4170-8C1E-1B8B82C9A9F5}.Release|Any CPU.Build.0 = Release|Any CPU
	EndGlobalSection
	GlobalSection(SolutionProperties) = preSolution
		HideSolutionNode = FALSE
	EndGlobalSection
	GlobalSection(ExtensibilityGlobals) = postSolution
		SolutionGuid = {61F0E250-BDFF-42D1-8C20-7221AE5DA239}
	EndGlobalSection
EndGlobal
